<?xml version="1.0" encoding="utf-8"?>
<Project ToolsVersion="4.0" xmlns="http://schemas.microsoft.com/developer/msbuild/2003">
  <ItemGroup>
    <ClCompile Include="controller\savemanager.cpp" />
    <ClCompile Include="model\blockexpbottle.cpp" />
    <ClCompile Include="utils\worldioworker.cpp" />
    <ClCompile Include="model\entityobserver.cpp" />
    <ClCompile Include="model\itemmovingbrick.cpp" />
    <ClCompile Include="model\itemteleporter.cpp" />
    <ClCompile Include="model\itemspawnpointsetter.cpp" />
    <ClCompile Include="view\saveitem.cpp" />
    <ClCompile Include="view\saveselection.cpp" />
    <ClCompile Include="utils\experiencehelper.cpp" />
    <ClCompile Include="view\scene\gamesound.cpp" />
    <ClCompile Include="view\scene\gui\guipause.cpp" />
    <ClCompile Include="view\scene\gui\inventorygui.cpp" />
    <ClCompile Include="view\scene\gui\guieventfilter.cpp" />
    <ClCompile Include="model\item.cpp" />
    <ClCompile Include="model\entityxporb.cpp" />
    <ClCompile Include="model\blockoakplank.cpp" />
    <ClCompile Include="model\blockflower.cpp" />
    <ClCompile Include="model\blockmushroom.cpp" />
    <ClCompile Include="model\entityslime.cpp" />
    <ClCompile Include="model\entitycreeper.cpp" />
    <ClCompile Include="model\block.cpp" />
    <ClCompile Include="model\blockbedrock.cpp" />
    <ClCompile Include="model\blockdelegate.cpp" />
    <ClCompile Include="model\blockdirt.cpp" />
    <ClCompile Include="model\blockgrass.cpp" />
    <ClCompile Include="model\blocksaw.cpp" />
    <ClCompile Include="model\blockspike.cpp" />
    <ClCompile Include="model\blockspring.cpp" />
    <ClCompile Include="model\blockstonebrick.cpp" />
    <ClCompile Include="model\blocktnt.cpp" />
    <ClCompile Include="model\boundingbox.cpp" />
    <ClCompile Include="model\entityblaze.cpp" />
    <ClCompile Include="model\entityfireball.cpp" />
    <ClCompile Include="model\itemblock.cpp" />
    <ClCompile Include="model\itemspawnegg.cpp" />
    <ClCompile Include="utils\direction.cpp" />
    <ClCompile Include="model\entity.cpp" />
    <ClCompile Include="model\entityplayer.cpp" />
    <ClCompile Include="model\entityplayerlike.cpp" />
    <ClCompile Include="model\entitytnt.cpp" />
    <ClCompile Include="view\gamerenderglwidget.cpp" />
    <ClCompile Include="view\scene\gamescene.cpp" />
    <ClCompile Include="utils\geometryhelper.cpp" />
    <ClCompile Include="utils\glhelper.cpp" />
    <ClCompile Include="model\icollidable.cpp" />
    <ClCompile Include="view\scene\gui\guibase.cpp" />
    <ClCompile Include="main.cpp" />
    <ClCompile Include="view\mainwindow.cpp" />
    <ClCompile Include="controller\playercontroller.cpp" />
    <ClCompile Include="model\registry.cpp" />
    <ClCompile Include="model\entitymovingbrick.cpp" />
    <ClCompile Include="model\world.cpp" />
    <ClCompile Include="controller\worldcontroller.cpp" />
    <ClCompile Include="view\widgets\styledpushbutton.cpp" />
  </ItemGroup>
  <ItemGroup>
    <ClInclude Include="model\blockoakplank.h" />
    <ClInclude Include="model\blockflower.h" />
    <ClInclude Include="model\blockmushroom.h" />
    <ClInclude Include="model\blockstonebrick.h" />
    <ClInclude Include="utils\askeyvaluerange.h" />
    <ClInclude Include="model\boundingbox.h" />
    <ClInclude Include="utils\consts.h" />
    <ClInclude Include="utils\direction.h" />
    <ClInclude Include="utils\geometryhelper.h" />
    <ClInclude Include="utils\glhelper.h" />
    <ClInclude Include="model\icollidable.h" />
    <ClInclude Include="utils\singleton.h" />
  </ItemGroup>
  <ItemGroup>
    <CustomBuild Include="debug\moc_predefs.h.cbt" />
    <CustomBuild Include="release\moc_predefs.h.cbt" />
  </ItemGroup>
  <ItemGroup>
    <ResourceCompile Include="MineParkour.rc" />
  </ItemGroup>
  <ItemGroup>
    <QtMoc Include="view\widgets\styledpushbutton.h" />
    <QtMoc Include="view\scene\gui\guipause.h" />
    <QtMoc Include="view\scene\gui\guibase.h" />
    <QtMoc Include="model\blockspike.h" />
    <QtMoc Include="model\blockspring.h" />
    <QtMoc Include="model\entityblaze.h" />
    <QtMoc Include="model\entityfireball.h" />
    <QtMoc Include="model\entityxporb.h" />
    <QtMoc Include="model\item.h" />
    <QtMoc Include="view\scene\gui\guieventfilter.h" />
    <QtMoc Include="view\scene\gui\inventorygui.h" />
    <QtMoc Include="utils\experiencehelper.h" />
    <QtMoc Include="controller\savemanager.h" />
    <QtMoc Include="utils\worldioworker.h" />
    <QtMoc Include="model\itemspawnpointsetter.h" />
    <QtMoc Include="model\itemteleporter.h" />
    <QtMoc Include="model\blockexpbottle.h" />
    <QtMoc Include="model\entityslime.h" />
    <QtMoc Include="model\entitycreeper.h" />
    <QtMoc Include="model\itemblock.h" />
    <QtMoc Include="model\itemspawnegg.h" />
    <QtMoc Include="model\blocksaw.h" />
    <QtMoc Include="model\blockbedrock.h" />
    <QtMoc Include="view\saveselection.h" />
    <QtMoc Include="view\saveitem.h" />
    <QtMoc Include="model\entityobserver.h" />
    <QtMoc Include="model\itemmovingbrick.h" />
    <QtMoc Include="model\block.h" />
    <QtMoc Include="model\blockdelegate.h" />
    <QtMoc Include="model\blockdirt.h" />
    <QtMoc Include="model\blockgrass.h" />
    <QtMoc Include="model\blocktnt.h" />
    <QtMoc Include="model\entity.h" />
    <QtMoc Include="model\entityplayer.h" />
    <QtMoc Include="model\entityplayerlike.h" />
    <QtMoc Include="model\entitytnt.h" />
    <QtMoc Include="view\gamerenderglwidget.h" />
    <QtMoc Include="view\scene\gamescene.h" />
    <QtMoc Include="view\mainwindow.h" />
    <QtMoc Include="controller\playercontroller.h" />
    <QtMoc Include="model\registry.h" />
    <QtMoc Include="model\entitymovingbrick.h" />
    <QtMoc Include="model\world.h" />
    <QtMoc Include="controller\worldcontroller.h" />
    <QtMoc Include="view\scene\gamesound.h" />
  </ItemGroup>
  <ItemGroup>
    <QtRcc Include="res.qrc" />
  </ItemGroup>
  <ItemGroup>
    <QtUic Include="view\saveitem.ui" />
    <QtUic Include="view\saveselection.ui" />
    <QtUic Include="view\mainwindow.ui" />
  </ItemGroup>
  <ItemGroup>
    <None Include="assets\shaders\block.frag" />
    <None Include="assets\shaders\block.vert" />
    <None Include="assets\blocks\dirt.png" />
    <None Include="assets\blocks\grass.png" />
    <None Include="assets\blocks\no_texture.png" />
    <None Include="assets\blocks\tnt.png" />
    <None Include="assets\entities\tnt.png" />
    <None Include="assets\entities\blaze\0.png" />
    <None Include="assets\entities\player\0.png" />
    <None Include="assets\entities\blaze\1.png" />
    <None Include="assets\entities\player\1.png" />
    <None Include="assets\sounds\Glass_dig1.wav" />
    <None Include="assets\sounds\Glass_dig2.wav" />
    <None Include="assets\sounds\Glass_dig3.wav" />
    <None Include="assets\blocks\bedrock.png" />
    <None Include="assets\gui\bg.png" />
    <None Include="assets\entities\creeper.png" />
    <None Include="assets\entities\fireball.png" />
    <None Include="assets\blocks\flower.png" />
    <None Include="assets\gui\inventory.png" />
    <None Include="assets\gui\logo.png" />
    <None Include="assets\entities\moving_brick.png" />
    <None Include="assets\blocks\mushroom.png" />
    <None Include="assets\blocks\oak_plank.png" />
    <None Include="assets\entities\observer.png" />
    <None Include="assets\items\observer.png" />
    <None Include="assets\gui\options_background.png" />
    <None Include="assets\blocks\saw.png" />
    <None Include="assets\entities\slime.png" />
    <None Include="assets\items\spawn_egg_blaze.png" />
    <None Include="assets\items\spawn_egg_creeper.png" />
    <None Include="assets\items\spawn_egg_slime.png" />
    <None Include="assets\items\spawnpoint.png" />
    <None Include="assets\blocks\spike.png" />
    <None Include="assets\blocks\spring.png" />
    <None Include="assets\blocks\stone_brick.png" />
    <None Include="assets\items\tp.png" />
    <None Include="assets\gui\widgets.png" />
    <None Include="assets\blocks\xp_bottle.png" />
    <None Include="assets\entities\xp_orb.png" />
  </ItemGroup>
  <ItemGroup>
    <Filter Include="Source Files">
      <UniqueIdentifier>{4FC737F1-C7A5-4376-A066-2A32D752A2FF}</UniqueIdentifier>
      <Extensions>cpp;c;cc;cxx;def;odl;idl;hpj;bat;asm;asmx</Extensions>
      <ParseFiles>true</ParseFiles>
    </Filter>
  </ItemGroup>
</Project>