
Microsoft Visual Studio Solution File, Format Version 12.00
# Visual Studio 15
VisualStudioVersion = 15.0.28307.1082
MinimumVisualStudioVersion = 10.0.40219.1
Project("{8BC9CEB8-8B4A-11D0-8D11-00A0C91BC942}") = "src", "src.vcxproj", "{5F05D8A3-1FE7-3DD9-B59E-1735EF29DFB9}"
EndProject
Project("{2150E333-8FDC-42A3-9474-1A3956D46DE8}") = "Solution Items", "Solution Items", "{8AB97412-11F4-463C-9458-F073E72E1CFF}"
	ProjectSection(SolutionItems) = preProject
		Performance1.psess = Performance1.psess
	EndProjectSection
EndProject
Global
	GlobalSection(Performance) = preSolution
		HasPerformanceSessions = true
	EndGlobalSection
	GlobalSection(SolutionConfigurationPlatforms) = preSolution
		Debug|x64 = Debug|x64
		Release|x64 = Release|x64
	EndGlobalSection
	GlobalSection(ProjectConfigurationPlatforms) = postSolution
		{5F05D8A3-1FE7-3DD9-B59E-1735EF29DFB9}.Debug|x64.ActiveCfg = Debug|x64
		{5F05D8A3-1FE7-3DD9-B59E-1735EF29DFB9}.Debug|x64.Build.0 = Debug|x64
		{5F05D8A3-1FE7-3DD9-B59E-1735EF29DFB9}.Release|x64.ActiveCfg = Release|x64
		{5F05D8A3-1FE7-3DD9-B59E-1735EF29DFB9}.Release|x64.Build.0 = Release|x64
	EndGlobalSection
	GlobalSection(SolutionProperties) = preSolution
		HideSolutionNode = FALSE
	EndGlobalSection
	GlobalSection(ExtensibilityGlobals) = postSolution
		SolutionGuid = {59D8FE99-5348-4159-8E6A-BFF66CD96179}
	EndGlobalSection
	GlobalSection(Performance) = preSolution
		HasPerformanceSessions = true
	EndGlobalSection
	GlobalSection(Performance) = preSolution
		HasPerformanceSessions = true
	EndGlobalSection
EndGlobal
