<?xml version="1.0" encoding="utf-8"?>
<Project xmlns="http://schemas.microsoft.com/developer/msbuild/2003">
  <ItemGroup>
    <Filter Include="Form Files">
      <UniqueIdentifier>{99349809-55BA-4b9d-BF79-8FDBB0286EB3}</UniqueIdentifier>
      <Extensions>ui</Extensions>
      <ParseFiles>false</ParseFiles>
    </Filter>
    <Filter Include="Form Files">
      <UniqueIdentifier>{99349809-55BA-4b9d-BF79-8FDBB0286EB3}</UniqueIdentifier>
      <Extensions>ui</Extensions>
      <ParseFiles>false</ParseFiles>
    </Filter>
    <Filter Include="Generated Files">
      <UniqueIdentifier>{71ED8ED8-ACB9-4CE9-BBE1-E00B30144E11}</UniqueIdentifier>
      <Extensions>cpp;c;cxx;moc;h;def;odl;idl;res;</Extensions>
    </Filter>
    <Filter Include="Generated Files">
      <UniqueIdentifier>{71ED8ED8-ACB9-4CE9-BBE1-E00B30144E11}</UniqueIdentifier>
      <Extensions>cpp;c;cxx;moc;h;def;odl;idl;res;</Extensions>
    </Filter>
    <Filter Include="Header Files">
      <UniqueIdentifier>{93995380-89BD-4b04-88EB-625FBE52EBFB}</UniqueIdentifier>
      <Extensions>h;hpp;hxx;hm;inl;inc;xsd</Extensions>
    </Filter>
    <Filter Include="Header Files">
      <UniqueIdentifier>{93995380-89BD-4b04-88EB-625FBE52EBFB}</UniqueIdentifier>
      <Extensions>h;hpp;hxx;hm;inl;inc;xsd</Extensions>
    </Filter>
    <Filter Include="Resource Files">
      <UniqueIdentifier>{D9D6E242-F8AF-46E4-B9FD-80ECBC20BA3E}</UniqueIdentifier>
      <Extensions>qrc;*</Extensions>
      <ParseFiles>false</ParseFiles>
    </Filter>
    <Filter Include="Resource Files">
      <UniqueIdentifier>{D9D6E242-F8AF-46E4-B9FD-80ECBC20BA3E}</UniqueIdentifier>
      <Extensions>qrc;*</Extensions>
      <ParseFiles>false</ParseFiles>
    </Filter>
    <Filter Include="Source Files">
      <UniqueIdentifier>{4FC737F1-C7A5-4376-A066-2A32D752A2FF}</UniqueIdentifier>
      <Extensions>cpp;c;cxx;def;odl;idl;hpj;bat;asm;asmx</Extensions>
    </Filter>
    <Filter Include="Source Files">
      <UniqueIdentifier>{4FC737F1-C7A5-4376-A066-2A32D752A2FF}</UniqueIdentifier>
      <Extensions>cpp;c;cxx;def;odl;idl;hpj;bat;asm;asmx</Extensions>
    </Filter>
  </ItemGroup>
  <ItemGroup>
    <ClCompile Include="model\block.cpp">
      <Filter>Source Files</Filter>
    </ClCompile>
    <ClCompile Include="model\blockdelegate.cpp">
      <Filter>Source Files</Filter>
    </ClCompile>
    <ClCompile Include="model\blockdirt.cpp">
      <Filter>Source Files</Filter>
    </ClCompile>
    <ClCompile Include="model\blockgrass.cpp">
      <Filter>Source Files</Filter>
    </ClCompile>
    <ClCompile Include="model\blocktnt.cpp">
      <Filter>Source Files</Filter>
    </ClCompile>
    <ClCompile Include="model\boundingbox.cpp">
      <Filter>Source Files</Filter>
    </ClCompile>
    <ClCompile Include="utils\direction.cpp">
      <Filter>Source Files</Filter>
    </ClCompile>
    <ClCompile Include="model\entity.cpp">
      <Filter>Source Files</Filter>
    </ClCompile>
    <ClCompile Include="model\entityplayer.cpp">
      <Filter>Source Files</Filter>
    </ClCompile>
    <ClCompile Include="model\entityplayerlike.cpp">
      <Filter>Source Files</Filter>
    </ClCompile>
    <ClCompile Include="model\entitytnt.cpp">
      <Filter>Source Files</Filter>
    </ClCompile>
    <ClCompile Include="view\gamerenderglwidget.cpp">
      <Filter>Source Files</Filter>
    </ClCompile>
    <ClCompile Include="view\scene\gamescene.cpp">
      <Filter>Source Files</Filter>
    </ClCompile>
    <ClCompile Include="utils\geometryhelper.cpp">
      <Filter>Source Files</Filter>
    </ClCompile>
    <ClCompile Include="utils\glhelper.cpp">
      <Filter>Source Files</Filter>
    </ClCompile>
    <ClCompile Include="model\icollidable.cpp">
      <Filter>Source Files</Filter>
    </ClCompile>
    <ClCompile Include="view\scene\iscene.cpp">
      <Filter>Source Files</Filter>
    </ClCompile>
    <ClCompile Include="main.cpp">
      <Filter>Source Files</Filter>
    </ClCompile>
    <ClCompile Include="view\mainwindow.cpp">
      <Filter>Source Files</Filter>
    </ClCompile>
    <ClCompile Include="controller\playercontroller.cpp">
      <Filter>Source Files</Filter>
    </ClCompile>
    <ClCompile Include="model\registry.cpp">
      <Filter>Source Files</Filter>
    </ClCompile>
    <ClCompile Include="model\world.cpp">
      <Filter>Source Files</Filter>
    </ClCompile>
    <ClCompile Include="controller\worldcontroller.cpp">
      <Filter>Source Files</Filter>
    </ClCompile>
    <ClCompile Include="model\blocksaw.cpp">
      <Filter>Source Files</Filter>
    </ClCompile>
    <ClCompile Include="model\blockbedrock.cpp">
      <Filter>Generated Files</Filter>
    </ClCompile>
    <ClCompile Include="model\entitymovingbrick.cpp">
      <Filter>Source Files</Filter>
    </ClCompile>
    <ClCompile Include="model\blockstonebrick.cpp">
      <Filter>Generated Files</Filter>
    </ClCompile>
    <ClCompile Include="vendor\aabbcc\AABB.cpp">
      <Filter>Generated Files</Filter>
    </ClCompile>
    <ClCompile Include="model\blockspike.cpp">
      <Filter>Generated Files</Filter>
    </ClCompile>
    <ClCompile Include="model\blockspring.cpp">
      <Filter>Generated Files</Filter>
    </ClCompile>
    <ClCompile Include="model\entityblaze.cpp">
      <Filter>Generated Files</Filter>
    </ClCompile>
    <ClCompile Include="model\entityfireball.cpp">
      <Filter>Generated Files</Filter>
    </ClCompile>
    <ClCompile Include="model\entitycreeper.cpp">
      <Filter>Generated Files</Filter>
    </ClCompile>
    <ClCompile Include="model\entityslime.cpp">
      <Filter>Generated Files</Filter>
    </ClCompile>
    <ClCompile Include="model\blockmushroom.cpp">
      <Filter>Generated Files</Filter>
    </ClCompile>
    <ClCompile Include="model\blockflower.cpp">
      <Filter>Generated Files</Filter>
    </ClCompile>
    <ClCompile Include="model\blockoakplank.cpp">
      <Filter>Generated Files</Filter>
    </ClCompile>
    <ClCompile Include="model\entityxporb.cpp">
      <Filter>Source Files</Filter>
    </ClCompile>
  </ItemGroup>
  <ItemGroup>
    <ClInclude Include="utils\askeyvaluerange.h">
      <Filter>Header Files</Filter>
    </ClInclude>
    <QtMoc Include="model\block.h">
      <Filter>Header Files</Filter>
    </QtMoc>
    <QtMoc Include="model\blockdelegate.h">
      <Filter>Header Files</Filter>
    </QtMoc>
    <QtMoc Include="model\blockdirt.h">
      <Filter>Header Files</Filter>
    </QtMoc>
    <QtMoc Include="model\blockgrass.h">
      <Filter>Header Files</Filter>
    </QtMoc>
    <QtMoc Include="model\blocktnt.h">
      <Filter>Header Files</Filter>
    </QtMoc>
    <ClInclude Include="model\boundingbox.h">
      <Filter>Header Files</Filter>
    </ClInclude>
    <ClInclude Include="utils\consts.h">
      <Filter>Header Files</Filter>
    </ClInclude>
    <ClInclude Include="utils\direction.h">
      <Filter>Header Files</Filter>
    </ClInclude>
    <QtMoc Include="model\entity.h">
      <Filter>Header Files</Filter>
    </QtMoc>
    <QtMoc Include="model\entityplayer.h">
      <Filter>Header Files</Filter>
    </QtMoc>
    <QtMoc Include="model\entityplayerlike.h">
      <Filter>Header Files</Filter>
    </QtMoc>
    <QtMoc Include="view\gamerenderglwidget.h">
      <Filter>Header Files</Filter>
    </QtMoc>
    <QtMoc Include="view\scene\gamescene.h">
      <Filter>Header Files</Filter>
    </QtMoc>
    <ClInclude Include="utils\geometryhelper.h">
      <Filter>Header Files</Filter>
    </ClInclude>
    <ClInclude Include="utils\glhelper.h">
      <Filter>Header Files</Filter>
    </ClInclude>
    <ClInclude Include="model\icollidable.h">
      <Filter>Header Files</Filter>
    </ClInclude>
    <QtMoc Include="view\scene\iscene.h">
      <Filter>Header Files</Filter>
    </QtMoc>
    <QtMoc Include="view\mainwindow.h">
      <Filter>Header Files</Filter>
    </QtMoc>
    <QtMoc Include="controller\playercontroller.h">
      <Filter>Header Files</Filter>
    </QtMoc>
    <QtMoc Include="model\registry.h">
      <Filter>Header Files</Filter>
    </QtMoc>
    <ClInclude Include="utils\singleton.h">
      <Filter>Header Files</Filter>
    </ClInclude>
    <QtMoc Include="model\world.h">
      <Filter>Header Files</Filter>
    </QtMoc>
    <QtMoc Include="controller\worldcontroller.h">
      <Filter>Header Files</Filter>
    </QtMoc>
    <ClInclude Include="model\blockstonebrick.h">
      <Filter>Generated Files</Filter>
    </ClInclude>
    <ClInclude Include="vendor\aabbcc\AABB.h">
      <Filter>Generated Files</Filter>
    </ClInclude>
    <ClInclude Include="model\blockmushroom.h">
      <Filter>Generated Files</Filter>
    </ClInclude>
    <ClInclude Include="model\blockflower.h">
      <Filter>Generated Files</Filter>
    </ClInclude>
    <ClInclude Include="model\blockoakplank.h">
      <Filter>Generated Files</Filter>
    </ClInclude>
  </ItemGroup>
  <ItemGroup>
    <CustomBuild Include="..\bin\debug\.moc\moc_predefs.h.cbt">
      <Filter>Generated Files</Filter>
    </CustomBuild>
    <CustomBuild Include="..\bin\release\.moc\moc_predefs.h.cbt">
      <Filter>Generated Files</Filter>
    </CustomBuild>
  </ItemGroup>
  <ItemGroup>
    <QtUic Include="view\mainwindow.ui">
      <Filter>Form Files</Filter>
    </QtUic>
  </ItemGroup>
  <ItemGroup>
    <None Include="assets\shaders\block.frag">
      <Filter>Resource Files</Filter>
    </None>
    <None Include="assets\shaders\block.vert">
      <Filter>Resource Files</Filter>
    </None>
    <None Include="assets\blocks\dirt.png">
      <Filter>Resource Files</Filter>
    </None>
    <None Include="assets\blocks\grass.png">
      <Filter>Resource Files</Filter>
    </None>
    <None Include="assets\blocks\no_texture.png">
      <Filter>Resource Files</Filter>
    </None>
    <QtRcc Include="res.qrc">
      <Filter>Resource Files</Filter>
    </QtRcc>
    <None Include="assets\blocks\tnt.png">
      <Filter>Resource Files</Filter>
    </None>
    <None Include="assets\entities\tnt.png">
      <Filter>Resource Files</Filter>
    </None>
    <None Include="cpp.hint" />
    <None Include="model\testentity.i" />
  </ItemGroup>
  <ItemGroup>
    <Image Include="assets\entities\player.png">
      <Filter>Resource Files</Filter>
    </Image>
  </ItemGroup>
  <ItemGroup>
    <QtMoc Include="model\blocksaw.h">
      <Filter>Header Files</Filter>
    </QtMoc>
    <QtMoc Include="model\blockbedrock.h">
      <Filter>Generated Files</Filter>
    </QtMoc>
    <QtMoc Include="model\entitymovingbrick.h">
      <Filter>Header Files</Filter>
    </QtMoc>
    <QtMoc Include="model\blockspike.h">
      <Filter>Generated Files</Filter>
    </QtMoc>
    <QtMoc Include="model\blockspring.h">
      <Filter>Generated Files</Filter>
    </QtMoc>
    <QtMoc Include="model\entityblaze.h">
      <Filter>Generated Files</Filter>
    </QtMoc>
    <QtMoc Include="model\entityfireball.h">
      <Filter>Generated Files</Filter>
    </QtMoc>
    <QtMoc Include="model\entityslime.h">
      <Filter>Generated Files</Filter>
    </QtMoc>
    <QtMoc Include="model\entitycreeper.h">
      <Filter>Generated Files</Filter>
    </QtMoc>
    <QtMoc Include="model\entitytnt.h">
      <Filter>Header Files</Filter>
    </QtMoc>
    <QtMoc Include="model\entityxporb.h">
      <Filter>Header Files</Filter>
    </QtMoc>
  </ItemGroup>
</Project>